
Microsoft Visual Studio Solution File, Format Version 12.00
# Visual Studio 15
VisualStudioVersion = 15.0.26403.7
MinimumVisualStudioVersion = 10.0.40219.1
Project("{FAE04EC0-301F-11D3-BF4B-00C04F79EFBC}") = "ffweb", "ffweb\ffweb.csproj", "{22AAA2ED-1B17-4C6E-837F-B005F0A8CEC1}"
EndProject
Project("{E53339B2-1760-4266-BCC7-CA923CBCF16C}") = "docker-compose", "docker-compose.dcproj", "{B76CFA21-F8E7-4EBF-B84B-3209C6F52602}"
EndProject
Project("{FAE04EC0-301F-11D3-BF4B-00C04F79EFBC}") = "ffapi", "..\ffapi\ffapi.csproj", "{65A8D0CF-9E81-42B6-B26F-A05959F101C5}"
EndProject
Global
	GlobalSection(SolutionConfigurationPlatforms) = preSolution
		Debug|Any CPU = Debug|Any CPU
		Release|Any CPU = Release|Any CPU
	EndGlobalSection
	GlobalSection(ProjectConfigurationPlatforms) = postSolution
		{22AAA2ED-1B17-4C6E-837F-B005F0A8CEC1}.Debug|Any CPU.ActiveCfg = Debug|Any CPU
		{22AAA2ED-1B17-4C6E-837F-B005F0A8CEC1}.Debug|Any CPU.Build.0 = Debug|Any CPU
		{22AAA2ED-1B17-4C6E-837F-B005F0A8CEC1}.Release|Any CPU.ActiveCfg = Release|Any CPU
		{22AAA2ED-1B17-4C6E-837F-B005F0A8CEC1}.Release|Any CPU.Build.0 = Release|Any CPU
		{B76CFA21-F8E7-4EBF-B84B-3209C6F52602}.Debug|Any CPU.ActiveCfg = Debug|Any CPU
		{B76CFA21-F8E7-4EBF-B84B-3209C6F52602}.Debug|Any CPU.Build.0 = Debug|Any CPU
		{B76CFA21-F8E7-4EBF-B84B-3209C6F52602}.Release|Any CPU.ActiveCfg = Release|Any CPU
		{B76CFA21-F8E7-4EBF-B84B-3209C6F52602}.Release|Any CPU.Build.0 = Release|Any CPU
		{65A8D0CF-9E81-42B6-B26F-A05959F101C5}.Debug|Any CPU.ActiveCfg = Debug|Any CPU
		{65A8D0CF-9E81-42B6-B26F-A05959F101C5}.Debug|Any CPU.Build.0 = Debug|Any CPU
		{65A8D0CF-9E81-42B6-B26F-A05959F101C5}.Release|Any CPU.ActiveCfg = Release|Any CPU
		{65A8D0CF-9E81-42B6-B26F-A05959F101C5}.Release|Any CPU.Build.0 = Release|Any CPU
	EndGlobalSection
	GlobalSection(SolutionProperties) = preSolution
		HideSolutionNode = FALSE
	EndGlobalSection
EndGlobal
